version: 1.0
shards:
  kemal:
    github: kemalcr/kemal
    commit: 48128696c6130e76fcf29529f630a0d7c3cd813b

  kilt:
    github: jeromegn/kilt
    version: 0.3.3

  radix:
    github: luislavena/radix
    version: 0.3.8

  swapi:
    github: sb89/crystal-swapi
    commit: dc79b980b0e391b64a95393b8bd1bf13fa3b0c19

